
Microsoft Visual Studio Solution File, Format Version 12.00
Project("{FAE04EC0-301F-11D3-BF4B-00C04F79EFBC}") = "AcmePay", "AcmePay\AcmePay.csproj", "{79CDC47C-8BDF-493F-8EAA-B0BC44A2BB36}"
EndProject
Global
	GlobalSection(SolutionConfigurationPlatforms) = preSolution
		Debug|Any CPU = Debug|Any CPU
		Release|Any CPU = Release|Any CPU
	EndGlobalSection
	GlobalSection(ProjectConfigurationPlatforms) = postSolution
		{79CDC47C-8BDF-493F-8EAA-B0BC44A2BB36}.Debug|Any CPU.ActiveCfg = Debug|Any CPU
		{79CDC47C-8BDF-493F-8EAA-B0BC44A2BB36}.Debug|Any CPU.Build.0 = Debug|Any CPU
		{79CDC47C-8BDF-493F-8EAA-B0BC44A2BB36}.Release|Any CPU.ActiveCfg = Release|Any CPU
		{79CDC47C-8BDF-493F-8EAA-B0BC44A2BB36}.Release|Any CPU.Build.0 = Release|Any CPU
	EndGlobalSection
EndGlobal
